
Microsoft Visual Studio Solution File, Format Version 12.00
# Visual Studio Version 17
VisualStudioVersion = 17.9.34728.123
MinimumVisualStudioVersion = 10.0.40219.1
Project("{FAE04EC0-301F-11D3-BF4B-00C04F79EFBC}") = "Crud", "Crud.csproj", "{48360F6F-FA05-488E-9B1A-9716493C7BF6}"
EndProject
Global
	GlobalSection(SolutionConfigurationPlatforms) = preSolution
		Debug|Any CPU = Debug|Any CPU
		Release|Any CPU = Release|Any CPU
	EndGlobalSection
	GlobalSection(ProjectConfigurationPlatforms) = postSolution
		{48360F6F-FA05-488E-9B1A-9716493C7BF6}.Debug|Any CPU.ActiveCfg = Debug|Any CPU
		{48360F6F-FA05-488E-9B1A-9716493C7BF6}.Debug|Any CPU.Build.0 = Debug|Any CPU
		{48360F6F-FA05-488E-9B1A-9716493C7BF6}.Release|Any CPU.ActiveCfg = Release|Any CPU
		{48360F6F-FA05-488E-9B1A-9716493C7BF6}.Release|Any CPU.Build.0 = Release|Any CPU
	EndGlobalSection
	GlobalSection(SolutionProperties) = preSolution
		HideSolutionNode = FALSE
	EndGlobalSection
	GlobalSection(ExtensibilityGlobals) = postSolution
		SolutionGuid = {ACF906B0-CFF7-465C-A19E-9AFEAD80A930}
	EndGlobalSection
EndGlobal
